
Microsoft Visual Studio Solution File, Format Version 12.00
# Visual Studio Version 17
VisualStudioVersion = 17.9.34622.214
MinimumVisualStudioVersion = 10.0.40219.1
Project("{FAE04EC0-301F-11D3-BF4B-00C04F79EFBC}") = "FluxoElevadores", "FluxoElevadores.csproj", "{4853E662-DED1-41B1-AA9F-17A18B4F402E}"
EndProject
Global
	GlobalSection(SolutionConfigurationPlatforms) = preSolution
		Debug|Any CPU = Debug|Any CPU
		Release|Any CPU = Release|Any CPU
	EndGlobalSection
	GlobalSection(ProjectConfigurationPlatforms) = postSolution
		{4853E662-DED1-41B1-AA9F-17A18B4F402E}.Debug|Any CPU.ActiveCfg = Debug|Any CPU
		{4853E662-DED1-41B1-AA9F-17A18B4F402E}.Debug|Any CPU.Build.0 = Debug|Any CPU
		{4853E662-DED1-41B1-AA9F-17A18B4F402E}.Release|Any CPU.ActiveCfg = Release|Any CPU
		{4853E662-DED1-41B1-AA9F-17A18B4F402E}.Release|Any CPU.Build.0 = Release|Any CPU
	EndGlobalSection
	GlobalSection(SolutionProperties) = preSolution
		HideSolutionNode = FALSE
	EndGlobalSection
	GlobalSection(ExtensibilityGlobals) = postSolution
		SolutionGuid = {80499646-7F4E-46F2-BC77-537B0D2253CA}
	EndGlobalSection
EndGlobal
